
Microsoft Visual Studio Solution File, Format Version 12.00
# Visual Studio Version 16
VisualStudioVersion = 16.0.29613.14
MinimumVisualStudioVersion = 10.0.40219.1
Project("{FAE04EC0-301F-11D3-BF4B-00C04F79EFBC}") = "UnitTestCICD", "UnitTestCICD\UnitTestCICD.csproj", "{22B851FF-1FF2-41D9-AF64-72A54491295C}"
EndProject
Project("{FAE04EC0-301F-11D3-BF4B-00C04F79EFBC}") = "UnitTestProjCICD", "UnitTestProjCICD\UnitTestProjCICD.csproj", "{9586C750-AC42-4008-9E30-8CC626D430B1}"
EndProject
Global
	GlobalSection(SolutionConfigurationPlatforms) = preSolution
		Debug|Any CPU = Debug|Any CPU
		Release|Any CPU = Release|Any CPU
	EndGlobalSection
	GlobalSection(ProjectConfigurationPlatforms) = postSolution
		{22B851FF-1FF2-41D9-AF64-72A54491295C}.Debug|Any CPU.ActiveCfg = Debug|Any CPU
		{22B851FF-1FF2-41D9-AF64-72A54491295C}.Debug|Any CPU.Build.0 = Debug|Any CPU
		{22B851FF-1FF2-41D9-AF64-72A54491295C}.Release|Any CPU.ActiveCfg = Release|Any CPU
		{22B851FF-1FF2-41D9-AF64-72A54491295C}.Release|Any CPU.Build.0 = Release|Any CPU
		{9586C750-AC42-4008-9E30-8CC626D430B1}.Debug|Any CPU.ActiveCfg = Debug|Any CPU
		{9586C750-AC42-4008-9E30-8CC626D430B1}.Debug|Any CPU.Build.0 = Debug|Any CPU
		{9586C750-AC42-4008-9E30-8CC626D430B1}.Release|Any CPU.ActiveCfg = Release|Any CPU
		{9586C750-AC42-4008-9E30-8CC626D430B1}.Release|Any CPU.Build.0 = Release|Any CPU
	EndGlobalSection
	GlobalSection(SolutionProperties) = preSolution
		HideSolutionNode = FALSE
	EndGlobalSection
	GlobalSection(ExtensibilityGlobals) = postSolution
		SolutionGuid = {9481B10C-9622-4EB4-8859-16D59DC71DDD}
	EndGlobalSection
EndGlobal
